// !$*UTF8*$!
{
	archiveVersion = 1;
	classes = {
	};
	objectVersion = 56;
	objects = {

/* Begin PBXBuildFile section */
		20338A092A6EEC000029A924 /* LandmarksApp.swift in Sources */ = {isa = PBXBuildFile; fileRef = 20338A082A6EEC000029A924 /* LandmarksApp.swift */; };
		20338A0B2A6EEC000029A924 /* ContentView.swift in Sources */ = {isa = PBXBuildFile; fileRef = 20338A0A2A6EEC000029A924 /* ContentView.swift */; };
		20338A0D2A6EEC010029A924 /* Assets.xcassets in Resources */ = {isa = PBXBuildFile; fileRef = 20338A0C2A6EEC010029A924 /* Assets.xcassets */; };
		20338A102A6EEC010029A924 /* Preview Assets.xcassets in Resources */ = {isa = PBXBuildFile; fileRef = 20338A0F2A6EEC010029A924 /* Preview Assets.xcassets */; };
		20338A1A2A6EEC010029A924 /* LandmarksTests.swift in Sources */ = {isa = PBXBuildFile; fileRef = 20338A192A6EEC010029A924 /* LandmarksTests.swift */; };
		20338A242A6EEC010029A924 /* LandmarksUITests.swift in Sources */ = {isa = PBXBuildFile; fileRef = 20338A232A6EEC010029A924 /* LandmarksUITests.swift */; };
		20338A262A6EEC010029A924 /* LandmarksUITestsLaunchTests.swift in Sources */ = {isa = PBXBuildFile; fileRef = 20338A252A6EEC010029A924 /* LandmarksUITestsLaunchTests.swift */; };
		20338A332A6EF2CB0029A924 /* CircleImage.swift in Sources */ = {isa = PBXBuildFile; fileRef = 20338A322A6EF2CB0029A924 /* CircleImage.swift */; };
		20338A352A6EF4000029A924 /* MapView.swift in Sources */ = {isa = PBXBuildFile; fileRef = 20338A342A6EF4000029A924 /* MapView.swift */; };
		20338A372A6F19EB0029A924 /* landmarkData.json in Resources */ = {isa = PBXBuildFile; fileRef = 20338A362A6F19EB0029A924 /* landmarkData.json */; };
		20338A3B2A6F1A660029A924 /* Landmark.swift in Sources */ = {isa = PBXBuildFile; fileRef = 20338A3A2A6F1A660029A924 /* Landmark.swift */; };
		20338A3D2A6F1CA40029A924 /* ModelData.swift in Sources */ = {isa = PBXBuildFile; fileRef = 20338A3C2A6F1CA40029A924 /* ModelData.swift */; };
		20338A422A6F20140029A924 /* LandmarkRow.swift in Sources */ = {isa = PBXBuildFile; fileRef = 20338A412A6F20140029A924 /* LandmarkRow.swift */; };
		20338A442A6F267E0029A924 /* LandmarkList.swift in Sources */ = {isa = PBXBuildFile; fileRef = 20338A432A6F267E0029A924 /* LandmarkList.swift */; };
		20338A462A6F27CD0029A924 /* LandmarkDetail.swift in Sources */ = {isa = PBXBuildFile; fileRef = 20338A452A6F27CD0029A924 /* LandmarkDetail.swift */; };
		20338A482A70A74F0029A924 /* FavoriteButton.swift in Sources */ = {isa = PBXBuildFile; fileRef = 20338A472A70A74F0029A924 /* FavoriteButton.swift */; };
		20338A4C2A74626F0029A924 /* HexagonParameters.swift in Sources */ = {isa = PBXBuildFile; fileRef = 20338A4B2A74626F0029A924 /* HexagonParameters.swift */; };
		20338A4E2A74658C0029A924 /* BadgeBackground.swift in Sources */ = {isa = PBXBuildFile; fileRef = 20338A4D2A74658C0029A924 /* BadgeBackground.swift */; };
		20338A502A74716D0029A924 /* BadgeSymbol.swift in Sources */ = {isa = PBXBuildFile; fileRef = 20338A4F2A74716D0029A924 /* BadgeSymbol.swift */; };
		20338A522A7473C00029A924 /* RotatedBadgeSymbol.swift in Sources */ = {isa = PBXBuildFile; fileRef = 20338A512A7473C00029A924 /* RotatedBadgeSymbol.swift */; };
		20338A542A7474D80029A924 /* Badge.swift in Sources */ = {isa = PBXBuildFile; fileRef = 20338A532A7474D80029A924 /* Badge.swift */; };
		20338A572A748B2F0029A924 /* hikeData.json in Resources */ = {isa = PBXBuildFile; fileRef = 20338A562A748B2F0029A924 /* hikeData.json */; };
		20338A592A748B640029A924 /* Hike.swift in Sources */ = {isa = PBXBuildFile; fileRef = 20338A582A748B640029A924 /* Hike.swift */; };
		20338A612A748C120029A924 /* GraphCapsule.swift in Sources */ = {isa = PBXBuildFile; fileRef = 20338A5D2A748C120029A924 /* GraphCapsule.swift */; };
		20338A622A748C120029A924 /* HikeGraph.swift in Sources */ = {isa = PBXBuildFile; fileRef = 20338A5E2A748C120029A924 /* HikeGraph.swift */; };
		20338A632A748C120029A924 /* HikeDetail.swift in Sources */ = {isa = PBXBuildFile; fileRef = 20338A5F2A748C120029A924 /* HikeDetail.swift */; };
		20338A642A748C120029A924 /* HikeView.swift in Sources */ = {isa = PBXBuildFile; fileRef = 20338A602A748C120029A924 /* HikeView.swift */; };
/* End PBXBuildFile section */

/* Begin PBXContainerItemProxy section */
		20338A162A6EEC010029A924 /* PBXContainerItemProxy */ = {
			isa = PBXContainerItemProxy;
			containerPortal = 203389FD2A6EEC000029A924 /* Project object */;
			proxyType = 1;
			remoteGlobalIDString = 20338A042A6EEC000029A924;
			remoteInfo = Landmarks;
		};
		20338A202A6EEC010029A924 /* PBXContainerItemProxy */ = {
			isa = PBXContainerItemProxy;
			containerPortal = 203389FD2A6EEC000029A924 /* Project object */;
			proxyType = 1;
			remoteGlobalIDString = 20338A042A6EEC000029A924;
			remoteInfo = Landmarks;
		};
/* End PBXContainerItemProxy section */

/* Begin PBXFileReference section */
		20338A052A6EEC000029A924 /* Landmarks.app */ = {isa = PBXFileReference; explicitFileType = wrapper.application; includeInIndex = 0; path = Landmarks.app; sourceTree = BUILT_PRODUCTS_DIR; };
		20338A082A6EEC000029A924 /* LandmarksApp.swift */ = {isa = PBXFileReference; lastKnownFileType = sourcecode.swift; path = LandmarksApp.swift; sourceTree = "<group>"; };
		20338A0A2A6EEC000029A924 /* ContentView.swift */ = {isa = PBXFileReference; lastKnownFileType = sourcecode.swift; path = ContentView.swift; sourceTree = "<group>"; };
		20338A0C2A6EEC010029A924 /* Assets.xcassets */ = {isa = PBXFileReference; lastKnownFileType = folder.assetcatalog; path = Assets.xcassets; sourceTree = "<group>"; };
		20338A0F2A6EEC010029A924 /* Preview Assets.xcassets */ = {isa = PBXFileReference; lastKnownFileType = folder.assetcatalog; path = "Preview Assets.xcassets"; sourceTree = "<group>"; };
		20338A152A6EEC010029A924 /* LandmarksTests.xctest */ = {isa = PBXFileReference; explicitFileType = wrapper.cfbundle; includeInIndex = 0; path = LandmarksTests.xctest; sourceTree = BUILT_PRODUCTS_DIR; };
		20338A192A6EEC010029A924 /* LandmarksTests.swift */ = {isa = PBXFileReference; lastKnownFileType = sourcecode.swift; path = LandmarksTests.swift; sourceTree = "<group>"; };
		20338A1F2A6EEC010029A924 /* LandmarksUITests.xctest */ = {isa = PBXFileReference; explicitFileType = wrapper.cfbundle; includeInIndex = 0; path = LandmarksUITests.xctest; sourceTree = BUILT_PRODUCTS_DIR; };
		20338A232A6EEC010029A924 /* LandmarksUITests.swift */ = {isa = PBXFileReference; lastKnownFileType = sourcecode.swift; path = LandmarksUITests.swift; sourceTree = "<group>"; };
		20338A252A6EEC010029A924 /* LandmarksUITestsLaunchTests.swift */ = {isa = PBXFileReference; lastKnownFileType = sourcecode.swift; path = LandmarksUITestsLaunchTests.swift; sourceTree = "<group>"; };
		20338A322A6EF2CB0029A924 /* CircleImage.swift */ = {isa = PBXFileReference; lastKnownFileType = sourcecode.swift; path = CircleImage.swift; sourceTree = "<group>"; };
		20338A342A6EF4000029A924 /* MapView.swift */ = {isa = PBXFileReference; lastKnownFileType = sourcecode.swift; path = MapView.swift; sourceTree = "<group>"; };
		20338A362A6F19EB0029A924 /* landmarkData.json */ = {isa = PBXFileReference; fileEncoding = 4; lastKnownFileType = text.json; path = landmarkData.json; sourceTree = "<group>"; };
		20338A3A2A6F1A660029A924 /* Landmark.swift */ = {isa = PBXFileReference; lastKnownFileType = sourcecode.swift; path = Landmark.swift; sourceTree = "<group>"; };
		20338A3C2A6F1CA40029A924 /* ModelData.swift */ = {isa = PBXFileReference; lastKnownFileType = sourcecode.swift; path = ModelData.swift; sourceTree = "<group>"; };
		20338A412A6F20140029A924 /* LandmarkRow.swift */ = {isa = PBXFileReference; lastKnownFileType = sourcecode.swift; path = LandmarkRow.swift; sourceTree = "<group>"; };
		20338A432A6F267E0029A924 /* LandmarkList.swift */ = {isa = PBXFileReference; lastKnownFileType = sourcecode.swift; path = LandmarkList.swift; sourceTree = "<group>"; };
		20338A452A6F27CD0029A924 /* LandmarkDetail.swift */ = {isa = PBXFileReference; lastKnownFileType = sourcecode.swift; path = LandmarkDetail.swift; sourceTree = "<group>"; };
		20338A472A70A74F0029A924 /* FavoriteButton.swift */ = {isa = PBXFileReference; lastKnownFileType = sourcecode.swift; path = FavoriteButton.swift; sourceTree = "<group>"; };
		20338A4B2A74626F0029A924 /* HexagonParameters.swift */ = {isa = PBXFileReference; lastKnownFileType = sourcecode.swift; path = HexagonParameters.swift; sourceTree = "<group>"; };
		20338A4D2A74658C0029A924 /* BadgeBackground.swift */ = {isa = PBXFileReference; lastKnownFileType = sourcecode.swift; path = BadgeBackground.swift; sourceTree = "<group>"; };
		20338A4F2A74716D0029A924 /* BadgeSymbol.swift */ = {isa = PBXFileReference; lastKnownFileType = sourcecode.swift; path = BadgeSymbol.swift; sourceTree = "<group>"; };
		20338A512A7473C00029A924 /* RotatedBadgeSymbol.swift */ = {isa = PBXFileReference; lastKnownFileType = sourcecode.swift; path = RotatedBadgeSymbol.swift; sourceTree = "<group>"; };
		20338A532A7474D80029A924 /* Badge.swift */ = {isa = PBXFileReference; lastKnownFileType = sourcecode.swift; path = Badge.swift; sourceTree = "<group>"; };
		20338A562A748B2F0029A924 /* hikeData.json */ = {isa = PBXFileReference; fileEncoding = 4; lastKnownFileType = text.json; path = hikeData.json; sourceTree = "<group>"; };
		20338A582A748B640029A924 /* Hike.swift */ = {isa = PBXFileReference; lastKnownFileType = sourcecode.swift; path = Hike.swift; sourceTree = "<group>"; };
		20338A5D2A748C120029A924 /* GraphCapsule.swift */ = {isa = PBXFileReference; fileEncoding = 4; lastKnownFileType = sourcecode.swift; path = GraphCapsule.swift; sourceTree = "<group>"; };
		20338A5E2A748C120029A924 /* HikeGraph.swift */ = {isa = PBXFileReference; fileEncoding = 4; lastKnownFileType = sourcecode.swift; path = HikeGraph.swift; sourceTree = "<group>"; };
		20338A5F2A748C120029A924 /* HikeDetail.swift */ = {isa = PBXFileReference; fileEncoding = 4; lastKnownFileType = sourcecode.swift; path = HikeDetail.swift; sourceTree = "<group>"; };
		20338A602A748C120029A924 /* HikeView.swift */ = {isa = PBXFileReference; fileEncoding = 4; lastKnownFileType = sourcecode.swift; path = HikeView.swift; sourceTree = "<group>"; };
/* End PBXFileReference section */

/* Begin PBXFrameworksBuildPhase section */
		20338A022A6EEC000029A924 /* Frameworks */ = {
			isa = PBXFrameworksBuildPhase;
			buildActionMask = 2147483647;
			files = (
			);
			runOnlyForDeploymentPostprocessing = 0;
		};
		20338A122A6EEC010029A924 /* Frameworks */ = {
			isa = PBXFrameworksBuildPhase;
			buildActionMask = 2147483647;
			files = (
			);
			runOnlyForDeploymentPostprocessing = 0;
		};
		20338A1C2A6EEC010029A924 /* Frameworks */ = {
			isa = PBXFrameworksBuildPhase;
			buildActionMask = 2147483647;
			files = (
			);
			runOnlyForDeploymentPostprocessing = 0;
		};
/* End PBXFrameworksBuildPhase section */

/* Begin PBXGroup section */
		203389FC2A6EEC000029A924 = {
			isa = PBXGroup;
			children = (
				20338A072A6EEC000029A924 /* Landmarks */,
				20338A182A6EEC010029A924 /* LandmarksTests */,
				20338A222A6EEC010029A924 /* LandmarksUITests */,
				20338A062A6EEC000029A924 /* Products */,
			);
			sourceTree = "<group>";
		};
		20338A062A6EEC000029A924 /* Products */ = {
			isa = PBXGroup;
			children = (
				20338A052A6EEC000029A924 /* Landmarks.app */,
				20338A152A6EEC010029A924 /* LandmarksTests.xctest */,
				20338A1F2A6EEC010029A924 /* LandmarksUITests.xctest */,
			);
			name = Products;
			sourceTree = "<group>";
		};
		20338A072A6EEC000029A924 /* Landmarks */ = {
			isa = PBXGroup;
			children = (
				20338A402A6F1D480029A924 /* Resources */,
				20338A3F2A6F1D310029A924 /* Model */,
				20338A3E2A6F1D250029A924 /* Views */,
				20338A082A6EEC000029A924 /* LandmarksApp.swift */,
				20338A0C2A6EEC010029A924 /* Assets.xcassets */,
				20338A0E2A6EEC010029A924 /* Preview Content */,
			);
			path = Landmarks;
			sourceTree = "<group>";
		};
		20338A0E2A6EEC010029A924 /* Preview Content */ = {
			isa = PBXGroup;
			children = (
				20338A0F2A6EEC010029A924 /* Preview Assets.xcassets */,
			);
			path = "Preview Content";
			sourceTree = "<group>";
		};
		20338A182A6EEC010029A924 /* LandmarksTests */ = {
			isa = PBXGroup;
			children = (
				20338A192A6EEC010029A924 /* LandmarksTests.swift */,
			);
			path = LandmarksTests;
			sourceTree = "<group>";
		};
		20338A222A6EEC010029A924 /* LandmarksUITests */ = {
			isa = PBXGroup;
			children = (
				20338A232A6EEC010029A924 /* LandmarksUITests.swift */,
				20338A252A6EEC010029A924 /* LandmarksUITestsLaunchTests.swift */,
			);
			path = LandmarksUITests;
			sourceTree = "<group>";
		};
		20338A3E2A6F1D250029A924 /* Views */ = {
			isa = PBXGroup;
			children = (
				20338A5C2A748C120029A924 /* Hikes */,
				20338A552A7476D60029A924 /* Badges */,
				20338A4A2A70A86D0029A924 /* Landmarks */,
				20338A492A70A85F0029A924 /* Helpers */,
				20338A0A2A6EEC000029A924 /* ContentView.swift */,
			);
			path = Views;
			sourceTree = "<group>";
		};
		20338A3F2A6F1D310029A924 /* Model */ = {
			isa = PBXGroup;
			children = (
				20338A3C2A6F1CA40029A924 /* ModelData.swift */,
				20338A3A2A6F1A660029A924 /* Landmark.swift */,
				20338A582A748B640029A924 /* Hike.swift */,
			);
			path = Model;
			sourceTree = "<group>";
		};
		20338A402A6F1D480029A924 /* Resources */ = {
			isa = PBXGroup;
			children = (
				20338A562A748B2F0029A924 /* hikeData.json */,
				20338A362A6F19EB0029A924 /* landmarkData.json */,
			);
			path = Resources;
			sourceTree = "<group>";
		};
		20338A492A70A85F0029A924 /* Helpers */ = {
			isa = PBXGroup;
			children = (
				20338A472A70A74F0029A924 /* FavoriteButton.swift */,
				20338A342A6EF4000029A924 /* MapView.swift */,
				20338A322A6EF2CB0029A924 /* CircleImage.swift */,
			);
			path = Helpers;
			sourceTree = "<group>";
		};
		20338A4A2A70A86D0029A924 /* Landmarks */ = {
			isa = PBXGroup;
			children = (
				20338A412A6F20140029A924 /* LandmarkRow.swift */,
				20338A432A6F267E0029A924 /* LandmarkList.swift */,
				20338A452A6F27CD0029A924 /* LandmarkDetail.swift */,
			);
			path = Landmarks;
			sourceTree = "<group>";
		};
		20338A552A7476D60029A924 /* Badges */ = {
			isa = PBXGroup;
			children = (
				20338A4B2A74626F0029A924 /* HexagonParameters.swift */,
				20338A4D2A74658C0029A924 /* BadgeBackground.swift */,
				20338A4F2A74716D0029A924 /* BadgeSymbol.swift */,
				20338A512A7473C00029A924 /* RotatedBadgeSymbol.swift */,
				20338A532A7474D80029A924 /* Badge.swift */,
			);
			path = Badges;
			sourceTree = "<group>";
		};
		20338A5C2A748C120029A924 /* Hikes */ = {
			isa = PBXGroup;
			children = (
				20338A5D2A748C120029A924 /* GraphCapsule.swift */,
				20338A5E2A748C120029A924 /* HikeGraph.swift */,
				20338A5F2A748C120029A924 /* HikeDetail.swift */,
				20338A602A748C120029A924 /* HikeView.swift */,
			);
			path = Hikes;
			sourceTree = "<group>";
		};
/* End PBXGroup section */

/* Begin PBXNativeTarget section */
		20338A042A6EEC000029A924 /* Landmarks */ = {
			isa = PBXNativeTarget;
			buildConfigurationList = 20338A292A6EEC010029A924 /* Build configuration list for PBXNativeTarget "Landmarks" */;
			buildPhases = (
				20338A012A6EEC000029A924 /* Sources */,
				20338A022A6EEC000029A924 /* Frameworks */,
				20338A032A6EEC000029A924 /* Resources */,
			);
			buildRules = (
			);
			dependencies = (
			);
			name = Landmarks;
			productName = Landmarks;
			productReference = 20338A052A6EEC000029A924 /* Landmarks.app */;
			productType = "com.apple.product-type.application";
		};
		20338A142A6EEC010029A924 /* LandmarksTests */ = {
			isa = PBXNativeTarget;
			buildConfigurationList = 20338A2C2A6EEC010029A924 /* Build configuration list for PBXNativeTarget "LandmarksTests" */;
			buildPhases = (
				20338A112A6EEC010029A924 /* Sources */,
				20338A122A6EEC010029A924 /* Frameworks */,
				20338A132A6EEC010029A924 /* Resources */,
			);
			buildRules = (
			);
			dependencies = (
				20338A172A6EEC010029A924 /* PBXTargetDependency */,
			);
			name = LandmarksTests;
			productName = LandmarksTests;
			productReference = 20338A152A6EEC010029A924 /* LandmarksTests.xctest */;
			productType = "com.apple.product-type.bundle.unit-test";
		};
		20338A1E2A6EEC010029A924 /* LandmarksUITests */ = {
			isa = PBXNativeTarget;
			buildConfigurationList = 20338A2F2A6EEC010029A924 /* Build configuration list for PBXNativeTarget "LandmarksUITests" */;
			buildPhases = (
				20338A1B2A6EEC010029A924 /* Sources */,
				20338A1C2A6EEC010029A924 /* Frameworks */,
				20338A1D2A6EEC010029A924 /* Resources */,
			);
			buildRules = (
			);
			dependencies = (
				20338A212A6EEC010029A924 /* PBXTargetDependency */,
			);
			name = LandmarksUITests;
			productName = LandmarksUITests;
			productReference = 20338A1F2A6EEC010029A924 /* LandmarksUITests.xctest */;
			productType = "com.apple.product-type.bundle.ui-testing";
		};
/* End PBXNativeTarget section */

/* Begin PBXProject section */
		203389FD2A6EEC000029A924 /* Project object */ = {
			isa = PBXProject;
			attributes = {
				BuildIndependentTargetsInParallel = 1;
				LastSwiftUpdateCheck = 1430;
				LastUpgradeCheck = 1430;
				TargetAttributes = {
					20338A042A6EEC000029A924 = {
						CreatedOnToolsVersion = 14.3.1;
					};
					20338A142A6EEC010029A924 = {
						CreatedOnToolsVersion = 14.3.1;
						TestTargetID = 20338A042A6EEC000029A924;
					};
					20338A1E2A6EEC010029A924 = {
						CreatedOnToolsVersion = 14.3.1;
						TestTargetID = 20338A042A6EEC000029A924;
					};
				};
			};
			buildConfigurationList = 20338A002A6EEC000029A924 /* Build configuration list for PBXProject "Landmarks" */;
			compatibilityVersion = "Xcode 14.0";
			developmentRegion = en;
			hasScannedForEncodings = 0;
			knownRegions = (
				en,
				Base,
			);
			mainGroup = 203389FC2A6EEC000029A924;
			productRefGroup = 20338A062A6EEC000029A924 /* Products */;
			projectDirPath = "";
			projectRoot = "";
			targets = (
				20338A042A6EEC000029A924 /* Landmarks */,
				20338A142A6EEC010029A924 /* LandmarksTests */,
				20338A1E2A6EEC010029A924 /* LandmarksUITests */,
			);
		};
/* End PBXProject section */

/* Begin PBXResourcesBuildPhase section */
		20338A032A6EEC000029A924 /* Resources */ = {
			isa = PBXResourcesBuildPhase;
			buildActionMask = 2147483647;
			files = (
				20338A572A748B2F0029A924 /* hikeData.json in Resources */,
				20338A102A6EEC010029A924 /* Preview Assets.xcassets in Resources */,
				20338A0D2A6EEC010029A924 /* Assets.xcassets in Resources */,
				20338A372A6F19EB0029A924 /* landmarkData.json in Resources */,
			);
			runOnlyForDeploymentPostprocessing = 0;
		};
		20338A132A6EEC010029A924 /* Resources */ = {
			isa = PBXResourcesBuildPhase;
			buildActionMask = 2147483647;
			files = (
			);
			runOnlyForDeploymentPostprocessing = 0;
		};
		20338A1D2A6EEC010029A924 /* Resources */ = {
			isa = PBXResourcesBuildPhase;
			buildActionMask = 2147483647;
			files = (
			);
			runOnlyForDeploymentPostprocessing = 0;
		};
/* End PBXResourcesBuildPhase section */

/* Begin PBXSourcesBuildPhase section */
		20338A012A6EEC000029A924 /* Sources */ = {
			isa = PBXSourcesBuildPhase;
			buildActionMask = 2147483647;
			files = (
				20338A0B2A6EEC000029A924 /* ContentView.swift in Sources */,
				20338A622A748C120029A924 /* HikeGraph.swift in Sources */,
				20338A542A7474D80029A924 /* Badge.swift in Sources */,
				20338A352A6EF4000029A924 /* MapView.swift in Sources */,
				20338A612A748C120029A924 /* GraphCapsule.swift in Sources */,
				20338A092A6EEC000029A924 /* LandmarksApp.swift in Sources */,
				20338A482A70A74F0029A924 /* FavoriteButton.swift in Sources */,
				20338A632A748C120029A924 /* HikeDetail.swift in Sources */,
				20338A4C2A74626F0029A924 /* HexagonParameters.swift in Sources */,
				20338A592A748B640029A924 /* Hike.swift in Sources */,
				20338A522A7473C00029A924 /* RotatedBadgeSymbol.swift in Sources */,
				20338A502A74716D0029A924 /* BadgeSymbol.swift in Sources */,
				20338A442A6F267E0029A924 /* LandmarkList.swift in Sources */,
				20338A642A748C120029A924 /* HikeView.swift in Sources */,
				20338A462A6F27CD0029A924 /* LandmarkDetail.swift in Sources */,
				20338A4E2A74658C0029A924 /* BadgeBackground.swift in Sources */,
				20338A332A6EF2CB0029A924 /* CircleImage.swift in Sources */,
				20338A3B2A6F1A660029A924 /* Landmark.swift in Sources */,
				20338A422A6F20140029A924 /* LandmarkRow.swift in Sources */,
				20338A3D2A6F1CA40029A924 /* ModelData.swift in Sources */,
			);
			runOnlyForDeploymentPostprocessing = 0;
		};
		20338A112A6EEC010029A924 /* Sources */ = {
			isa = PBXSourcesBuildPhase;
			buildActionMask = 2147483647;
			files = (
				20338A1A2A6EEC010029A924 /* LandmarksTests.swift in Sources */,
			);
			runOnlyForDeploymentPostprocessing = 0;
		};
		20338A1B2A6EEC010029A924 /* Sources */ = {
			isa = PBXSourcesBuildPhase;
			buildActionMask = 2147483647;
			files = (
				20338A262A6EEC010029A924 /* LandmarksUITestsLaunchTests.swift in Sources */,
				20338A242A6EEC010029A924 /* LandmarksUITests.swift in Sources */,
			);
			runOnlyForDeploymentPostprocessing = 0;
		};
/* End PBXSourcesBuildPhase section */

/* Begin PBXTargetDependency section */
		20338A172A6EEC010029A924 /* PBXTargetDependency */ = {
			isa = PBXTargetDependency;
			target = 20338A042A6EEC000029A924 /* Landmarks */;
			targetProxy = 20338A162A6EEC010029A924 /* PBXContainerItemProxy */;
		};
		20338A212A6EEC010029A924 /* PBXTargetDependency */ = {
			isa = PBXTargetDependency;
			target = 20338A042A6EEC000029A924 /* Landmarks */;
			targetProxy = 20338A202A6EEC010029A924 /* PBXContainerItemProxy */;
		};
/* End PBXTargetDependency section */

/* Begin XCBuildConfiguration section */
		20338A272A6EEC010029A924 /* Debug */ = {
			isa = XCBuildConfiguration;
			buildSettings = {
				ALWAYS_SEARCH_USER_PATHS = NO;
				CLANG_ANALYZER_NONNULL = YES;
				CLANG_ANALYZER_NUMBER_OBJECT_CONVERSION = YES_AGGRESSIVE;
				CLANG_CXX_LANGUAGE_STANDARD = "gnu++20";
				CLANG_ENABLE_MODULES = YES;
				CLANG_ENABLE_OBJC_ARC = YES;
				CLANG_ENABLE_OBJC_WEAK = YES;
				CLANG_WARN_BLOCK_CAPTURE_AUTORELEASING = YES;
				CLANG_WARN_BOOL_CONVERSION = YES;
				CLANG_WARN_COMMA = YES;
				CLANG_WARN_CONSTANT_CONVERSION = YES;
				CLANG_WARN_DEPRECATED_OBJC_IMPLEMENTATIONS = YES;
				CLANG_WARN_DIRECT_OBJC_ISA_USAGE = YES_ERROR;
				CLANG_WARN_DOCUMENTATION_COMMENTS = YES;
				CLANG_WARN_EMPTY_BODY = YES;
				CLANG_WARN_ENUM_CONVERSION = YES;
				CLANG_WARN_INFINITE_RECURSION = YES;
				CLANG_WARN_INT_CONVERSION = YES;
				CLANG_WARN_NON_LITERAL_NULL_CONVERSION = YES;
				CLANG_WARN_OBJC_IMPLICIT_RETAIN_SELF = YES;
				CLANG_WARN_OBJC_LITERAL_CONVERSION = YES;
				CLANG_WARN_OBJC_ROOT_CLASS = YES_ERROR;
				CLANG_WARN_QUOTED_INCLUDE_IN_FRAMEWORK_HEADER = YES;
				CLANG_WARN_RANGE_LOOP_ANALYSIS = YES;
				CLANG_WARN_STRICT_PROTOTYPES = YES;
				CLANG_WARN_SUSPICIOUS_MOVE = YES;
				CLANG_WARN_UNGUARDED_AVAILABILITY = YES_AGGRESSIVE;
				CLANG_WARN_UNREACHABLE_CODE = YES;
				CLANG_WARN__DUPLICATE_METHOD_MATCH = YES;
				COPY_PHASE_STRIP = NO;
				DEBUG_INFORMATION_FORMAT = dwarf;
				ENABLE_STRICT_OBJC_MSGSEND = YES;
				ENABLE_TESTABILITY = YES;
				GCC_C_LANGUAGE_STANDARD = gnu11;
				GCC_DYNAMIC_NO_PIC = NO;
				GCC_NO_COMMON_BLOCKS = YES;
				GCC_OPTIMIZATION_LEVEL = 0;
				GCC_PREPROCESSOR_DEFINITIONS = (
					"DEBUG=1",
					"$(inherited)",
				);
				GCC_WARN_64_TO_32_BIT_CONVERSION = YES;
				GCC_WARN_ABOUT_RETURN_TYPE = YES_ERROR;
				GCC_WARN_UNDECLARED_SELECTOR = YES;
				GCC_WARN_UNINITIALIZED_AUTOS = YES_AGGRESSIVE;
				GCC_WARN_UNUSED_FUNCTION = YES;
				GCC_WARN_UNUSED_VARIABLE = YES;
				IPHONEOS_DEPLOYMENT_TARGET = 16.4;
				MTL_ENABLE_DEBUG_INFO = INCLUDE_SOURCE;
				MTL_FAST_MATH = YES;
				ONLY_ACTIVE_ARCH = YES;
				SDKROOT = iphoneos;
				SWIFT_ACTIVE_COMPILATION_CONDITIONS = DEBUG;
				SWIFT_OPTIMIZATION_LEVEL = "-Onone";
			};
			name = Debug;
		};
		20338A282A6EEC010029A924 /* Release */ = {
			isa = XCBuildConfiguration;
			buildSettings = {
				ALWAYS_SEARCH_USER_PATHS = NO;
				CLANG_ANALYZER_NONNULL = YES;
				CLANG_ANALYZER_NUMBER_OBJECT_CONVERSION = YES_AGGRESSIVE;
				CLANG_CXX_LANGUAGE_STANDARD = "gnu++20";
				CLANG_ENABLE_MODULES = YES;
				CLANG_ENABLE_OBJC_ARC = YES;
				CLANG_ENABLE_OBJC_WEAK = YES;
				CLANG_WARN_BLOCK_CAPTURE_AUTORELEASING = YES;
				CLANG_WARN_BOOL_CONVERSION = YES;
				CLANG_WARN_COMMA = YES;
				CLANG_WARN_CONSTANT_CONVERSION = YES;
				CLANG_WARN_DEPRECATED_OBJC_IMPLEMENTATIONS = YES;
				CLANG_WARN_DIRECT_OBJC_ISA_USAGE = YES_ERROR;
				CLANG_WARN_DOCUMENTATION_COMMENTS = YES;
				CLANG_WARN_EMPTY_BODY = YES;
				CLANG_WARN_ENUM_CONVERSION = YES;
				CLANG_WARN_INFINITE_RECURSION = YES;
				CLANG_WARN_INT_CONVERSION = YES;
				CLANG_WARN_NON_LITERAL_NULL_CONVERSION = YES;
				CLANG_WARN_OBJC_IMPLICIT_RETAIN_SELF = YES;
				CLANG_WARN_OBJC_LITERAL_CONVERSION = YES;
				CLANG_WARN_OBJC_ROOT_CLASS = YES_ERROR;
				CLANG_WARN_QUOTED_INCLUDE_IN_FRAMEWORK_HEADER = YES;
				CLANG_WARN_RANGE_LOOP_ANALYSIS = YES;
				CLANG_WARN_STRICT_PROTOTYPES = YES;
				CLANG_WARN_SUSPICIOUS_MOVE = YES;
				CLANG_WARN_UNGUARDED_AVAILABILITY = YES_AGGRESSIVE;
				CLANG_WARN_UNREACHABLE_CODE = YES;
				CLANG_WARN__DUPLICATE_METHOD_MATCH = YES;
				COPY_PHASE_STRIP = NO;
				DEBUG_INFORMATION_FORMAT = "dwarf-with-dsym";
				ENABLE_NS_ASSERTIONS = NO;
				ENABLE_STRICT_OBJC_MSGSEND = YES;
				GCC_C_LANGUAGE_STANDARD = gnu11;
				GCC_NO_COMMON_BLOCKS = YES;
				GCC_WARN_64_TO_32_BIT_CONVERSION = YES;
				GCC_WARN_ABOUT_RETURN_TYPE = YES_ERROR;
				GCC_WARN_UNDECLARED_SELECTOR = YES;
				GCC_WARN_UNINITIALIZED_AUTOS = YES_AGGRESSIVE;
				GCC_WARN_UNUSED_FUNCTION = YES;
				GCC_WARN_UNUSED_VARIABLE = YES;
				IPHONEOS_DEPLOYMENT_TARGET = 16.4;
				MTL_ENABLE_DEBUG_INFO = NO;
				MTL_FAST_MATH = YES;
				SDKROOT = iphoneos;
				SWIFT_COMPILATION_MODE = wholemodule;
				SWIFT_OPTIMIZATION_LEVEL = "-O";
				VALIDATE_PRODUCT = YES;
			};
			name = Release;
		};
		20338A2A2A6EEC010029A924 /* Debug */ = {
			isa = XCBuildConfiguration;
			buildSettings = {
				ASSETCATALOG_COMPILER_APPICON_NAME = AppIcon;
				ASSETCATALOG_COMPILER_GLOBAL_ACCENT_COLOR_NAME = AccentColor;
				CODE_SIGN_STYLE = Automatic;
				CURRENT_PROJECT_VERSION = 1;
				DEVELOPMENT_ASSET_PATHS = "\"Landmarks/Preview Content\"";
				ENABLE_PREVIEWS = YES;
				GENERATE_INFOPLIST_FILE = YES;
				INFOPLIST_KEY_UIApplicationSceneManifest_Generation = YES;
				INFOPLIST_KEY_UIApplicationSupportsIndirectInputEvents = YES;
				INFOPLIST_KEY_UILaunchScreen_Generation = YES;
				INFOPLIST_KEY_UISupportedInterfaceOrientations_iPad = "UIInterfaceOrientationPortrait UIInterfaceOrientationPortraitUpsideDown UIInterfaceOrientationLandscapeLeft UIInterfaceOrientationLandscapeRight";
				INFOPLIST_KEY_UISupportedInterfaceOrientations_iPhone = "UIInterfaceOrientationPortrait UIInterfaceOrientationLandscapeLeft UIInterfaceOrientationLandscapeRight";
				LD_RUNPATH_SEARCH_PATHS = (
					"$(inherited)",
					"@executable_path/Frameworks",
				);
				MARKETING_VERSION = 1.0;
				PRODUCT_BUNDLE_IDENTIFIER = thispc.Landmarks;
				PRODUCT_NAME = "$(TARGET_NAME)";
				SWIFT_EMIT_LOC_STRINGS = YES;
				SWIFT_VERSION = 5.0;
				TARGETED_DEVICE_FAMILY = "1,2";
			};
			name = Debug;
		};
		20338A2B2A6EEC010029A924 /* Release */ = {
			isa = XCBuildConfiguration;
			buildSettings = {
				ASSETCATALOG_COMPILER_APPICON_NAME = AppIcon;
				ASSETCATALOG_COMPILER_GLOBAL_ACCENT_COLOR_NAME = AccentColor;
				CODE_SIGN_STYLE = Automatic;
				CURRENT_PROJECT_VERSION = 1;
				DEVELOPMENT_ASSET_PATHS = "\"Landmarks/Preview Content\"";
				ENABLE_PREVIEWS = YES;
				GENERATE_INFOPLIST_FILE = YES;
				INFOPLIST_KEY_UIApplicationSceneManifest_Generation = YES;
				INFOPLIST_KEY_UIApplicationSupportsIndirectInputEvents = YES;
				INFOPLIST_KEY_UILaunchScreen_Generation = YES;
				INFOPLIST_KEY_UISupportedInterfaceOrientations_iPad = "UIInterfaceOrientationPortrait UIInterfaceOrientationPortraitUpsideDown UIInterfaceOrientationLandscapeLeft UIInterfaceOrientationLandscapeRight";
				INFOPLIST_KEY_UISupportedInterfaceOrientations_iPhone = "UIInterfaceOrientationPortrait UIInterfaceOrientationLandscapeLeft UIInterfaceOrientationLandscapeRight";
				LD_RUNPATH_SEARCH_PATHS = (
					"$(inherited)",
					"@executable_path/Frameworks",
				);
				MARKETING_VERSION = 1.0;
				PRODUCT_BUNDLE_IDENTIFIER = thispc.Landmarks;
				PRODUCT_NAME = "$(TARGET_NAME)";
				SWIFT_EMIT_LOC_STRINGS = YES;
				SWIFT_VERSION = 5.0;
				TARGETED_DEVICE_FAMILY = "1,2";
			};
			name = Release;
		};
		20338A2D2A6EEC010029A924 /* Debug */ = {
			isa = XCBuildConfiguration;
			buildSettings = {
				ALWAYS_EMBED_SWIFT_STANDARD_LIBRARIES = YES;
				BUNDLE_LOADER = "$(TEST_HOST)";
				CODE_SIGN_STYLE = Automatic;
				CURRENT_PROJECT_VERSION = 1;
				GENERATE_INFOPLIST_FILE = YES;
				IPHONEOS_DEPLOYMENT_TARGET = 16.4;
				MARKETING_VERSION = 1.0;
				PRODUCT_BUNDLE_IDENTIFIER = thispc.LandmarksTests;
				PRODUCT_NAME = "$(TARGET_NAME)";
				SWIFT_EMIT_LOC_STRINGS = NO;
				SWIFT_VERSION = 5.0;
				TARGETED_DEVICE_FAMILY = "1,2";
				TEST_HOST = "$(BUILT_PRODUCTS_DIR)/Landmarks.app/$(BUNDLE_EXECUTABLE_FOLDER_PATH)/Landmarks";
			};
			name = Debug;
		};
		20338A2E2A6EEC010029A924 /* Release */ = {
			isa = XCBuildConfiguration;
			buildSettings = {
				ALWAYS_EMBED_SWIFT_STANDARD_LIBRARIES = YES;
				BUNDLE_LOADER = "$(TEST_HOST)";
				CODE_SIGN_STYLE = Automatic;
				CURRENT_PROJECT_VERSION = 1;
				GENERATE_INFOPLIST_FILE = YES;
				IPHONEOS_DEPLOYMENT_TARGET = 16.4;
				MARKETING_VERSION = 1.0;
				PRODUCT_BUNDLE_IDENTIFIER = thispc.LandmarksTests;
				PRODUCT_NAME = "$(TARGET_NAME)";
				SWIFT_EMIT_LOC_STRINGS = NO;
				SWIFT_VERSION = 5.0;
				TARGETED_DEVICE_FAMILY = "1,2";
				TEST_HOST = "$(BUILT_PRODUCTS_DIR)/Landmarks.app/$(BUNDLE_EXECUTABLE_FOLDER_PATH)/Landmarks";
			};
			name = Release;
		};
		20338A302A6EEC010029A924 /* Debug */ = {
			isa = XCBuildConfiguration;
			buildSettings = {
				ALWAYS_EMBED_SWIFT_STANDARD_LIBRARIES = YES;
				CODE_SIGN_STYLE = Automatic;
				CURRENT_PROJECT_VERSION = 1;
				GENERATE_INFOPLIST_FILE = YES;
				MARKETING_VERSION = 1.0;
				PRODUCT_BUNDLE_IDENTIFIER = thispc.LandmarksUITests;
				PRODUCT_NAME = "$(TARGET_NAME)";
				SWIFT_EMIT_LOC_STRINGS = NO;
				SWIFT_VERSION = 5.0;
				TARGETED_DEVICE_FAMILY = "1,2";
				TEST_TARGET_NAME = Landmarks;
			};
			name = Debug;
		};
		20338A312A6EEC010029A924 /* Release */ = {
			isa = XCBuildConfiguration;
			buildSettings = {
				ALWAYS_EMBED_SWIFT_STANDARD_LIBRARIES = YES;
				CODE_SIGN_STYLE = Automatic;
				CURRENT_PROJECT_VERSION = 1;
				GENERATE_INFOPLIST_FILE = YES;
				MARKETING_VERSION = 1.0;
				PRODUCT_BUNDLE_IDENTIFIER = thispc.LandmarksUITests;
				PRODUCT_NAME = "$(TARGET_NAME)";
				SWIFT_EMIT_LOC_STRINGS = NO;
				SWIFT_VERSION = 5.0;
				TARGETED_DEVICE_FAMILY = "1,2";
				TEST_TARGET_NAME = Landmarks;
			};
			name = Release;
		};
/* End XCBuildConfiguration section */

/* Begin XCConfigurationList section */
		20338A002A6EEC000029A924 /* Build configuration list for PBXProject "Landmarks" */ = {
			isa = XCConfigurationList;
			buildConfigurations = (
				20338A272A6EEC010029A924 /* Debug */,
				20338A282A6EEC010029A924 /* Release */,
			);
			defaultConfigurationIsVisible = 0;
			defaultConfigurationName = Release;
		};
		20338A292A6EEC010029A924 /* Build configuration list for PBXNativeTarget "Landmarks" */ = {
			isa = XCConfigurationList;
			buildConfigurations = (
				20338A2A2A6EEC010029A924 /* Debug */,
				20338A2B2A6EEC010029A924 /* Release */,
			);
			defaultConfigurationIsVisible = 0;
			defaultConfigurationName = Release;
		};
		20338A2C2A6EEC010029A924 /* Build configuration list for PBXNativeTarget "LandmarksTests" */ = {
			isa = XCConfigurationList;
			buildConfigurations = (
				20338A2D2A6EEC010029A924 /* Debug */,
				20338A2E2A6EEC010029A924 /* Release */,
			);
			defaultConfigurationIsVisible = 0;
			defaultConfigurationName = Release;
		};
		20338A2F2A6EEC010029A924 /* Build configuration list for PBXNativeTarget "LandmarksUITests" */ = {
			isa = XCConfigurationList;
			buildConfigurations = (
				20338A302A6EEC010029A924 /* Debug */,
				20338A312A6EEC010029A924 /* Release */,
			);
			defaultConfigurationIsVisible = 0;
			defaultConfigurationName = Release;
		};
/* End XCConfigurationList section */
	};
	rootObject = 203389FD2A6EEC000029A924 /* Project object */;
}
